
Microsoft Visual Studio Solution File, Format Version 12.00
# Visual Studio Version 17
VisualStudioVersion = 17.11.35303.130
MinimumVisualStudioVersion = 10.0.40219.1
Project("{FAE04EC0-301F-11D3-BF4B-00C04F79EFBC}") = "calculator", "calculator\calculator.csproj", "{0F33FADA-5216-4295-A066-8B6EB6DE33A7}"
EndProject
Global
	GlobalSection(SolutionConfigurationPlatforms) = preSolution
		Debug|Any CPU = Debug|Any CPU
		Release|Any CPU = Release|Any CPU
	EndGlobalSection
	GlobalSection(ProjectConfigurationPlatforms) = postSolution
		{0F33FADA-5216-4295-A066-8B6EB6DE33A7}.Debug|Any CPU.ActiveCfg = Debug|Any CPU
		{0F33FADA-5216-4295-A066-8B6EB6DE33A7}.Debug|Any CPU.Build.0 = Debug|Any CPU
		{0F33FADA-5216-4295-A066-8B6EB6DE33A7}.Release|Any CPU.ActiveCfg = Release|Any CPU
		{0F33FADA-5216-4295-A066-8B6EB6DE33A7}.Release|Any CPU.Build.0 = Release|Any CPU
	EndGlobalSection
	GlobalSection(SolutionProperties) = preSolution
		HideSolutionNode = FALSE
	EndGlobalSection
	GlobalSection(ExtensibilityGlobals) = postSolution
		SolutionGuid = {33F93064-45FC-4164-86C2-199613C2512C}
	EndGlobalSection
EndGlobal
